
Microsoft Visual Studio Solution File, Format Version 12.00
# Visual Studio Version 16
VisualStudioVersion = 16.0.30104.148
MinimumVisualStudioVersion = 10.0.40219.1
Project("{FAE04EC0-301F-11D3-BF4B-00C04F79EFBC}") = "EFRPG-Rider", "EFRPG-Rider.csproj", "{F1116F0E-2C03-42C4-BB7C-86A60A0E6EF3}"
EndProject
Global
	GlobalSection(SolutionConfigurationPlatforms) = preSolution
		Debug|Any CPU = Debug|Any CPU
		Release|Any CPU = Release|Any CPU
	EndGlobalSection
	GlobalSection(ProjectConfigurationPlatforms) = postSolution
		{F1116F0E-2C03-42C4-BB7C-86A60A0E6EF3}.Debug|Any CPU.ActiveCfg = Debug|Any CPU
		{F1116F0E-2C03-42C4-BB7C-86A60A0E6EF3}.Debug|Any CPU.Build.0 = Debug|Any CPU
		{F1116F0E-2C03-42C4-BB7C-86A60A0E6EF3}.Release|Any CPU.ActiveCfg = Release|Any CPU
		{F1116F0E-2C03-42C4-BB7C-86A60A0E6EF3}.Release|Any CPU.Build.0 = Release|Any CPU
	EndGlobalSection
	GlobalSection(SolutionProperties) = preSolution
		HideSolutionNode = FALSE
	EndGlobalSection
	GlobalSection(ExtensibilityGlobals) = postSolution
		SolutionGuid = {3B970B4F-61B5-41C9-83F8-DD6CE1798B1E}
	EndGlobalSection
EndGlobal
